
Microsoft Visual Studio Solution File, Format Version 12.00
# Visual Studio Version 17
VisualStudioVersion = 17.3.32804.467
MinimumVisualStudioVersion = 10.0.40219.1
Project("{8BC9CEB8-8B4A-11D0-8D11-00A0C91BC942}") = "Engine", "Engine\Default\Engine.vcxproj", "{093E9752-2AAD-47C4-84B3-436A32B86F0A}"
EndProject
Project("{FAE04EC0-301F-11D3-BF4B-00C04F79EFBC}") = "Client", "Client\Client.csproj", "{E3679885-F5F4-462B-A050-7E7FFAB314DE}"
EndProject
Global
	GlobalSection(SolutionConfigurationPlatforms) = preSolution
		Debug|Any CPU = Debug|Any CPU
		Debug|x64 = Debug|x64
		Debug|x86 = Debug|x86
		Release|Any CPU = Release|Any CPU
		Release|x64 = Release|x64
		Release|x86 = Release|x86
	EndGlobalSection
	GlobalSection(ProjectConfigurationPlatforms) = postSolution
		{093E9752-2AAD-47C4-84B3-436A32B86F0A}.Debug|Any CPU.ActiveCfg = Debug|x64
		{093E9752-2AAD-47C4-84B3-436A32B86F0A}.Debug|Any CPU.Build.0 = Debug|x64
		{093E9752-2AAD-47C4-84B3-436A32B86F0A}.Debug|x64.ActiveCfg = Debug|x64
		{093E9752-2AAD-47C4-84B3-436A32B86F0A}.Debug|x64.Build.0 = Debug|x64
		{093E9752-2AAD-47C4-84B3-436A32B86F0A}.Debug|x86.ActiveCfg = Debug|Win32
		{093E9752-2AAD-47C4-84B3-436A32B86F0A}.Debug|x86.Build.0 = Debug|Win32
		{093E9752-2AAD-47C4-84B3-436A32B86F0A}.Release|Any CPU.ActiveCfg = Release|x64
		{093E9752-2AAD-47C4-84B3-436A32B86F0A}.Release|Any CPU.Build.0 = Release|x64
		{093E9752-2AAD-47C4-84B3-436A32B86F0A}.Release|x64.ActiveCfg = Release|x64
		{093E9752-2AAD-47C4-84B3-436A32B86F0A}.Release|x64.Build.0 = Release|x64
		{093E9752-2AAD-47C4-84B3-436A32B86F0A}.Release|x86.ActiveCfg = Release|Win32
		{093E9752-2AAD-47C4-84B3-436A32B86F0A}.Release|x86.Build.0 = Release|Win32
		{E3679885-F5F4-462B-A050-7E7FFAB314DE}.Debug|Any CPU.ActiveCfg = Debug|Any CPU
		{E3679885-F5F4-462B-A050-7E7FFAB314DE}.Debug|Any CPU.Build.0 = Debug|Any CPU
		{E3679885-F5F4-462B-A050-7E7FFAB314DE}.Debug|x64.ActiveCfg = Debug|Any CPU
		{E3679885-F5F4-462B-A050-7E7FFAB314DE}.Debug|x64.Build.0 = Debug|Any CPU
		{E3679885-F5F4-462B-A050-7E7FFAB314DE}.Debug|x86.ActiveCfg = Debug|Any CPU
		{E3679885-F5F4-462B-A050-7E7FFAB314DE}.Debug|x86.Build.0 = Debug|Any CPU
		{E3679885-F5F4-462B-A050-7E7FFAB314DE}.Release|Any CPU.ActiveCfg = Release|Any CPU
		{E3679885-F5F4-462B-A050-7E7FFAB314DE}.Release|Any CPU.Build.0 = Release|Any CPU
		{E3679885-F5F4-462B-A050-7E7FFAB314DE}.Release|x64.ActiveCfg = Release|Any CPU
		{E3679885-F5F4-462B-A050-7E7FFAB314DE}.Release|x64.Build.0 = Release|Any CPU
		{E3679885-F5F4-462B-A050-7E7FFAB314DE}.Release|x86.ActiveCfg = Release|Any CPU
		{E3679885-F5F4-462B-A050-7E7FFAB314DE}.Release|x86.Build.0 = Release|Any CPU
	EndGlobalSection
	GlobalSection(SolutionProperties) = preSolution
		HideSolutionNode = FALSE
	EndGlobalSection
	GlobalSection(ExtensibilityGlobals) = postSolution
		SolutionGuid = {CF6C9721-A13E-4563-B497-06D146EBCE74}
	EndGlobalSection
EndGlobal
